{
  "version": "4",
  "specifiers": {
    "jsr:@lucsoft/web-bson@~0.3.1": "0.3.1",
    "jsr:@std/assert@1": "1.0.10",
    "jsr:@std/crypto@~0.220.1": "0.220.1",
    "jsr:@std/encoding@~0.220.1": "0.220.1",
    "jsr:@std/internal@^1.0.5": "1.0.5",
    "npm:@types/express@4": "4.17.21",
    "npm:@types/node@*": "22.5.4",
    "npm:express@4.18.2": "4.18.2",
    "npm:mongodb@5.6.0": "5.6.0"
  },
  "jsr": {
    "@lucsoft/web-bson@0.3.1": {
      "integrity": "dccad36fe5cc68286a4d3fe1993f7e7a81df0970c5946a5894dae9173adafe60"
    },
    "@std/assert@1.0.10": {
      "integrity": "59b5cbac5bd55459a19045d95cc7c2ff787b4f8527c0dd195078ff6f9481fbb3",
      "dependencies": [
        "jsr:@std/internal"
      ]
    },
    "@std/crypto@0.220.1": {
      "integrity": "4cec173974f33398041a3f66cc2f9b2fcc4a5ceaddd0e60840887d3bb7289d23"
    },
    "@std/encoding@0.220.1": {
      "integrity": "8dc38dd72e36cd68857a5837e24eb09a64bb296b96c295239c75eec17d45d23f"
    },
    "@std/internal@1.0.5": {
      "integrity": "54a546004f769c1ac9e025abd15a76b6671ddc9687e2313b67376125650dc7ba"
    }
  },
  "npm": {
    "@types/body-parser@1.19.5": {
      "integrity": "sha512-fB3Zu92ucau0iQ0JMCFQE7b/dv8Ot07NI3KaZIkIUNXq82k4eBAqUaneXfleGY9JWskeS9y+u0nXMyspcuQrCg==",
      "dependencies": [
        "@types/connect",
        "@types/node"
      ]
    },
    "@types/connect@3.4.38": {
      "integrity": "sha512-K6uROf1LD88uDQqJCktA4yzL1YYAK6NgfsI0v/mTgyPKWsX1CnJ0XPSDhViejru1GcRkLWb8RlzFYJRqGUbaug==",
      "dependencies": [
        "@types/node"
      ]
    },
    "@types/express-serve-static-core@4.19.6": {
      "integrity": "sha512-N4LZ2xG7DatVqhCZzOGb1Yi5lMbXSZcmdLDe9EzSndPV2HpWYWzRbaerl2n27irrm94EPpprqa8KpskPT085+A==",
      "dependencies": [
        "@types/node",
        "@types/qs",
        "@types/range-parser",
        "@types/send"
      ]
    },
    "@types/express@4.17.21": {
      "integrity": "sha512-ejlPM315qwLpaQlQDTjPdsUFSc6ZsP4AN6AlWnogPjQ7CVi7PYF3YVz+CY3jE2pwYf7E/7HlDAN0rV2GxTG0HQ==",
      "dependencies": [
        "@types/body-parser",
        "@types/express-serve-static-core",
        "@types/qs",
        "@types/serve-static"
      ]
    },
    "@types/http-errors@2.0.4": {
      "integrity": "sha512-D0CFMMtydbJAegzOyHjtiKPLlvnm3iTZyZRSZoLq2mRhDdmLfIWOCYPfQJ4cu2erKghU++QvjcUjp/5h7hESpA=="
    },
    "@types/mime@1.3.5": {
      "integrity": "sha512-/pyBZWSLD2n0dcHE3hq8s8ZvcETHtEuF+3E7XVt0Ig2nvsVQXdghHVcEkIWjy9A0wKfTn97a/PSDYohKIlnP/w=="
    },
    "@types/node@22.5.4": {
      "integrity": "sha512-FDuKUJQm/ju9fT/SeX/6+gBzoPzlVCzfzmGkwKvRHQVxi4BntVbyIwf6a4Xn62mrvndLiml6z/UBXIdEVjQLXg==",
      "dependencies": [
        "undici-types"
      ]
    },
    "@types/qs@6.9.17": {
      "integrity": "sha512-rX4/bPcfmvxHDv0XjfJELTTr+iB+tn032nPILqHm5wbthUUUuVtNGGqzhya9XUxjTP8Fpr0qYgSZZKxGY++svQ=="
    },
    "@types/range-parser@1.2.7": {
      "integrity": "sha512-hKormJbkJqzQGhziax5PItDUTMAM9uE2XXQmM37dyd4hVM+5aVl7oVxMVUiVQn2oCQFN/LKCZdvSM0pFRqbSmQ=="
    },
    "@types/send@0.17.4": {
      "integrity": "sha512-x2EM6TJOybec7c52BX0ZspPodMsQUd5L6PRwOunVyVUhXiBSKf3AezDL8Dgvgt5o0UfKNfuA0eMLr2wLT4AiBA==",
      "dependencies": [
        "@types/mime",
        "@types/node"
      ]
    },
    "@types/serve-static@1.15.7": {
      "integrity": "sha512-W8Ym+h8nhuRwaKPaDw34QUkwsGi6Rc4yYqvKFo5rm2FUEhCFbzVWrxXUxuKK8TASjWsysJY0nsmNCGhCOIsrOw==",
      "dependencies": [
        "@types/http-errors",
        "@types/node",
        "@types/send"
      ]
    },
    "@types/webidl-conversions@7.0.3": {
      "integrity": "sha512-CiJJvcRtIgzadHCYXw7dqEnMNRjhGZlYK05Mj9OyktqV8uVT8fD2BFOB7S1uwBE3Kj2Z+4UyPmFw/Ixgw/LAlA=="
    },
    "@types/whatwg-url@8.2.2": {
      "integrity": "sha512-FtQu10RWgn3D9U4aazdwIE2yzphmTJREDqNdODHrbrZmmMqI0vMheC/6NE/J1Yveaj8H+ela+YwWTjq5PGmuhA==",
      "dependencies": [
        "@types/node",
        "@types/webidl-conversions"
      ]
    },
    "accepts@1.3.8": {
      "integrity": "sha512-PYAthTa2m2VKxuvSD3DPC/Gy+U+sOA1LAuT8mkmRuvw+NACSaeXEQ+NHcVF7rONl6qcaxV3Uuemwawk+7+SJLw==",
      "dependencies": [
        "mime-types",
        "negotiator"
      ]
    },
    "array-flatten@1.1.1": {
      "integrity": "sha512-PCVAQswWemu6UdxsDFFX/+gVeYqKAod3D3UVm91jHwynguOwAvYPhx8nNlM++NqRcK6CxxpUafjmhIdKiHibqg=="
    },
    "body-parser@1.20.1": {
      "integrity": "sha512-jWi7abTbYwajOytWCQc37VulmWiRae5RyTpaCyDcS5/lMdtwSz5lOpDE67srw/HYe35f1z3fDQw+3txg7gNtWw==",
      "dependencies": [
        "bytes",
        "content-type",
        "debug",
        "depd",
        "destroy",
        "http-errors",
        "iconv-lite",
        "on-finished",
        "qs",
        "raw-body",
        "type-is",
        "unpipe"
      ]
    },
    "bson@5.5.1": {
      "integrity": "sha512-ix0EwukN2EpC0SRWIj/7B5+A6uQMQy6KMREI9qQqvgpkV2frH63T0UDVd1SYedL6dNCmDBYB3QtXi4ISk9YT+g=="
    },
    "bytes@3.1.2": {
      "integrity": "sha512-/Nf7TyzTx6S3yRJObOAV7956r8cr2+Oj8AC5dt8wSP3BQAoeX58NoHyCU8P8zGkNXStjTSi6fzO6F0pBdcYbEg=="
    },
    "call-bind-apply-helpers@1.0.1": {
      "integrity": "sha512-BhYE+WDaywFg2TBWYNXAE+8B1ATnThNBqXHP5nQu0jWJdVvY2hvkpyB3qOmtmDePiS5/BDQ8wASEWGMWRG148g==",
      "dependencies": [
        "es-errors",
        "function-bind"
      ]
    },
    "call-bound@1.0.3": {
      "integrity": "sha512-YTd+6wGlNlPxSuri7Y6X8tY2dmm12UMH66RpKMhiX6rsk5wXXnYgbUcOt8kiS31/AjfoTOvCsE+w8nZQLQnzHA==",
      "dependencies": [
        "call-bind-apply-helpers",
        "get-intrinsic"
      ]
    },
    "content-disposition@0.5.4": {
      "integrity": "sha512-FveZTNuGw04cxlAiWbzi6zTAL/lhehaWbTtgluJh4/E95DqMwTmha3KZN1aAWA8cFIhHzMZUvLevkw5Rqk+tSQ==",
      "dependencies": [
        "safe-buffer"
      ]
    },
    "content-type@1.0.5": {
      "integrity": "sha512-nTjqfcBFEipKdXCv4YDQWCfmcLZKm81ldF0pAopTvyrFGVbcR6P/VAAd5G7N+0tTr8QqiU0tFadD6FK4NtJwOA=="
    },
    "cookie-signature@1.0.6": {
      "integrity": "sha512-QADzlaHc8icV8I7vbaJXJwod9HWYp8uCqf1xa4OfNu1T7JVxQIrUgOWtHdNDtPiywmFbiS12VjotIXLrKM3orQ=="
    },
    "cookie@0.5.0": {
      "integrity": "sha512-YZ3GUyn/o8gfKJlnlX7g7xq4gyO6OSuhGPKaaGssGB2qgDUS0gPgtTvoyZLTt9Ab6dC4hfc9dV5arkvc/OCmrw=="
    },
    "debug@2.6.9": {
      "integrity": "sha512-bC7ElrdJaJnPbAP+1EotYvqZsb3ecl5wi6Bfi6BJTUcNowp6cvspg0jXznRTKDjm/E7AdgFBVeAPVMNcKGsHMA==",
      "dependencies": [
        "ms@2.0.0"
      ]
    },
    "depd@2.0.0": {
      "integrity": "sha512-g7nH6P6dyDioJogAAGprGpCtVImJhpPk/roCzdb3fIh61/s/nPsfR6onyMwkCAR/OlC3yBC0lESvUoQEAssIrw=="
    },
    "destroy@1.2.0": {
      "integrity": "sha512-2sJGJTaXIIaR1w4iJSNoN0hnMY7Gpc/n8D4qSCJw8QqFWXf7cuAgnEHxBpweaVcPevC2l3KpjYCx3NypQQgaJg=="
    },
    "dunder-proto@1.0.1": {
      "integrity": "sha512-KIN/nDJBQRcXw0MLVhZE9iQHmG68qAVIBg9CqmUYjmQIhgij9U5MFvrqkUL5FbtyyzZuOeOt0zdeRe4UY7ct+A==",
      "dependencies": [
        "call-bind-apply-helpers",
        "es-errors",
        "gopd"
      ]
    },
    "ee-first@1.1.1": {
      "integrity": "sha512-WMwm9LhRUo+WUaRN+vRuETqG89IgZphVSNkdFgeb6sS/E4OrDIN7t48CAewSHXc6C8lefD8KKfr5vY61brQlow=="
    },
    "encodeurl@1.0.2": {
      "integrity": "sha512-TPJXq8JqFaVYm2CWmPvnP2Iyo4ZSM7/QKcSmuMLDObfpH5fi7RUGmd/rTDf+rut/saiDiQEeVTNgAmJEdAOx0w=="
    },
    "es-define-property@1.0.1": {
      "integrity": "sha512-e3nRfgfUZ4rNGL232gUgX06QNyyez04KdjFrF+LTRoOXmrOgFKDg4BCdsjW8EnT69eqdYGmRpJwiPVYNrCaW3g=="
    },
    "es-errors@1.3.0": {
      "integrity": "sha512-Zf5H2Kxt2xjTvbJvP2ZWLEICxA6j+hAmMzIlypy4xcBg1vKVnx89Wy0GbS+kf5cwCVFFzdCFh2XSCFNULS6csw=="
    },
    "es-object-atoms@1.0.0": {
      "integrity": "sha512-MZ4iQ6JwHOBQjahnjwaC1ZtIBH+2ohjamzAO3oaHcXYup7qxjF2fixyH+Q71voWHeOkI2q/TnJao/KfXYIZWbw==",
      "dependencies": [
        "es-errors"
      ]
    },
    "escape-html@1.0.3": {
      "integrity": "sha512-NiSupZ4OeuGwr68lGIeym/ksIZMJodUGOSCZ/FSnTxcrekbvqrgdUxlJOMpijaKZVjAJrWrGs/6Jy8OMuyj9ow=="
    },
    "etag@1.8.1": {
      "integrity": "sha512-aIL5Fx7mawVa300al2BnEE4iNvo1qETxLrPI/o05L7z6go7fCw1J6EQmbK4FmJ2AS7kgVF/KEZWufBfdClMcPg=="
    },
    "express@4.18.2": {
      "integrity": "sha512-5/PsL6iGPdfQ/lKM1UuielYgv3BUoJfz1aUwU9vHZ+J7gyvwdQXFEBIEIaxeGf0GIcreATNyBExtalisDbuMqQ==",
      "dependencies": [
        "accepts",
        "array-flatten",
        "body-parser",
        "content-disposition",
        "content-type",
        "cookie",
        "cookie-signature",
        "debug",
        "depd",
        "encodeurl",
        "escape-html",
        "etag",
        "finalhandler",
        "fresh",
        "http-errors",
        "merge-descriptors",
        "methods",
        "on-finished",
        "parseurl",
        "path-to-regexp",
        "proxy-addr",
        "qs",
        "range-parser",
        "safe-buffer",
        "send",
        "serve-static",
        "setprototypeof",
        "statuses",
        "type-is",
        "utils-merge",
        "vary"
      ]
    },
    "finalhandler@1.2.0": {
      "integrity": "sha512-5uXcUVftlQMFnWC9qu/svkWv3GTd2PfUhK/3PLkYNAe7FbqJMt3515HaxE6eRL74GdsriiwujiawdaB1BpEISg==",
      "dependencies": [
        "debug",
        "encodeurl",
        "escape-html",
        "on-finished",
        "parseurl",
        "statuses",
        "unpipe"
      ]
    },
    "forwarded@0.2.0": {
      "integrity": "sha512-buRG0fpBtRHSTCOASe6hD258tEubFoRLb4ZNA6NxMVHNw2gOcwHo9wyablzMzOA5z9xA9L1KNjk/Nt6MT9aYow=="
    },
    "fresh@0.5.2": {
      "integrity": "sha512-zJ2mQYM18rEFOudeV4GShTGIQ7RbzA7ozbU9I/XBpm7kqgMywgmylMwXHxZJmkVoYkna9d2pVXVXPdYTP9ej8Q=="
    },
    "function-bind@1.1.2": {
      "integrity": "sha512-7XHNxH7qX9xG5mIwxkhumTox/MIRNcOgDrxWsMt2pAr23WHp6MrRlN7FBSFpCpr+oVO0F744iUgR82nJMfG2SA=="
    },
    "get-intrinsic@1.2.6": {
      "integrity": "sha512-qxsEs+9A+u85HhllWJJFicJfPDhRmjzoYdl64aMWW9yRIJmSyxdn8IEkuIM530/7T+lv0TIHd8L6Q/ra0tEoeA==",
      "dependencies": [
        "call-bind-apply-helpers",
        "dunder-proto",
        "es-define-property",
        "es-errors",
        "es-object-atoms",
        "function-bind",
        "gopd",
        "has-symbols",
        "hasown",
        "math-intrinsics"
      ]
    },
    "gopd@1.2.0": {
      "integrity": "sha512-ZUKRh6/kUFoAiTAtTYPZJ3hw9wNxx+BIBOijnlG9PnrJsCcSjs1wyyD6vJpaYtgnzDrKYRSqf3OO6Rfa93xsRg=="
    },
    "has-symbols@1.1.0": {
      "integrity": "sha512-1cDNdwJ2Jaohmb3sg4OmKaMBwuC48sYni5HUw2DvsC8LjGTLK9h+eb1X6RyuOHe4hT0ULCW68iomhjUoKUqlPQ=="
    },
    "hasown@2.0.2": {
      "integrity": "sha512-0hJU9SCPvmMzIBdZFqNPXWa6dqh7WdH0cII9y+CyS8rG3nL48Bclra9HmKhVVUHyPWNH5Y7xDwAB7bfgSjkUMQ==",
      "dependencies": [
        "function-bind"
      ]
    },
    "http-errors@2.0.0": {
      "integrity": "sha512-FtwrG/euBzaEjYeRqOgly7G0qviiXoJWnvEH2Z1plBdXgbyjv34pHTSb9zoeHMyDy33+DWy5Wt9Wo+TURtOYSQ==",
      "dependencies": [
        "depd",
        "inherits",
        "setprototypeof",
        "statuses",
        "toidentifier"
      ]
    },
    "iconv-lite@0.4.24": {
      "integrity": "sha512-v3MXnZAcvnywkTUEZomIActle7RXXeedOR31wwl7VlyoXO4Qi9arvSenNQWne1TcRwhCL1HwLI21bEqdpj8/rA==",
      "dependencies": [
        "safer-buffer"
      ]
    },
    "inherits@2.0.4": {
      "integrity": "sha512-k/vGaX4/Yla3WzyMCvTQOXYeIHvqOKtnqBduzTHpzpQZzAskKMhZ2K+EnBiSM9zGSoIFeMpXKxa4dYeZIQqewQ=="
    },
    "ip-address@9.0.5": {
      "integrity": "sha512-zHtQzGojZXTwZTHQqra+ETKd4Sn3vgi7uBmlPoXVWZqYvuKmtI0l/VZTjqGmJY9x88GGOaZ9+G9ES8hC4T4X8g==",
      "dependencies": [
        "jsbn",
        "sprintf-js"
      ]
    },
    "ipaddr.js@1.9.1": {
      "integrity": "sha512-0KI/607xoxSToH7GjN1FfSbLoU0+btTicjsQSWQlh/hZykN8KpmMf7uYwPW3R+akZ6R/w18ZlXSHBYXiYUPO3g=="
    },
    "jsbn@1.1.0": {
      "integrity": "sha512-4bYVV3aAMtDTTu4+xsDYa6sy9GyJ69/amsu9sYF2zqjiEoZA5xJi3BrfX3uY+/IekIu7MwdObdbDWpoZdBv3/A=="
    },
    "math-intrinsics@1.1.0": {
      "integrity": "sha512-/IXtbwEk5HTPyEwyKX6hGkYXxM9nbj64B+ilVJnC/R6B0pH5G4V3b0pVbL7DBj4tkhBAppbQUlf6F6Xl9LHu1g=="
    },
    "media-typer@0.3.0": {
      "integrity": "sha512-dq+qelQ9akHpcOl/gUVRTxVIOkAJ1wR3QAvb4RsVjS8oVoFjDGTc679wJYmUmknUF5HwMLOgb5O+a3KxfWapPQ=="
    },
    "memory-pager@1.5.0": {
      "integrity": "sha512-ZS4Bp4r/Zoeq6+NLJpP+0Zzm0pR8whtGPf1XExKLJBAczGMnSi3It14OiNCStjQjM6NU1okjQGSxgEZN8eBYKg=="
    },
    "merge-descriptors@1.0.1": {
      "integrity": "sha512-cCi6g3/Zr1iqQi6ySbseM1Xvooa98N0w31jzUYrXPX2xqObmFGHJ0tQ5u74H3mVh7wLouTseZyYIq39g8cNp1w=="
    },
    "methods@1.1.2": {
      "integrity": "sha512-iclAHeNqNm68zFtnZ0e+1L2yUIdvzNoauKU4WBA3VvH/vPFieF7qfRlwUZU+DA9P9bPXIS90ulxoUoCH23sV2w=="
    },
    "mime-db@1.52.0": {
      "integrity": "sha512-sPU4uV7dYlvtWJxwwxHD0PuihVNiE7TyAbQ5SWxDCB9mUYvOgroQOwYQQOKPJ8CIbE+1ETVlOoK1UC2nU3gYvg=="
    },
    "mime-types@2.1.35": {
      "integrity": "sha512-ZDY+bPm5zTTF+YpCrAU9nK0UgICYPT0QtT1NZWFv4s++TNkcgVaT0g6+4R2uI4MjQjzysHB1zxuWL50hzaeXiw==",
      "dependencies": [
        "mime-db"
      ]
    },
    "mime@1.6.0": {
      "integrity": "sha512-x0Vn8spI+wuJ1O6S7gnbaQg8Pxh4NNHb7KSINmEWKiPE4RKOplvijn+NkmYmmRgP68mc70j2EbeTFRsrswaQeg=="
    },
    "mongodb-connection-string-url@2.6.0": {
      "integrity": "sha512-WvTZlI9ab0QYtTYnuMLgobULWhokRjtC7db9LtcVfJ+Hsnyr5eo6ZtNAt3Ly24XZScGMelOcGtm7lSn0332tPQ==",
      "dependencies": [
        "@types/whatwg-url",
        "whatwg-url"
      ]
    },
    "mongodb@5.6.0": {
      "integrity": "sha512-z8qVs9NfobHJm6uzK56XBZF8XwM9H294iRnB7wNjF0SnY93si5HPziIJn+qqvUR5QOff/4L0gCD6SShdR/GtVQ==",
      "dependencies": [
        "bson",
        "mongodb-connection-string-url",
        "saslprep",
        "socks"
      ]
    },
    "ms@2.0.0": {
      "integrity": "sha512-Tpp60P6IUJDTuOq/5Z8cdskzJujfwqfOTkrwIwj7IRISpnkJnT6SyJ4PCPnGMoFjC9ddhal5KVIYtAt97ix05A=="
    },
    "ms@2.1.3": {
      "integrity": "sha512-6FlzubTLZG3J2a/NVCAleEhjzq5oxgHyaCU9yYXvcLsvoVaHJq/s5xXI6/XXP6tz7R9xAOtHnSO/tXtF3WRTlA=="
    },
    "negotiator@0.6.3": {
      "integrity": "sha512-+EUsqGPLsM+j/zdChZjsnX51g4XrHFOIXwfnCVPGlQk/k5giakcKsuxCObBRu6DSm9opw/O6slWbJdghQM4bBg=="
    },
    "object-inspect@1.13.3": {
      "integrity": "sha512-kDCGIbxkDSXE3euJZZXzc6to7fCrKHNI/hSRQnRuQ+BWjFNzZwiFF8fj/6o2t2G9/jTj8PSIYTfCLelLZEeRpA=="
    },
    "on-finished@2.4.1": {
      "integrity": "sha512-oVlzkg3ENAhCk2zdv7IJwd/QUD4z2RxRwpkcGY8psCVcCYZNq4wYnVWALHM+brtuJjePWiYF/ClmuDr8Ch5+kg==",
      "dependencies": [
        "ee-first"
      ]
    },
    "parseurl@1.3.3": {
      "integrity": "sha512-CiyeOxFT/JZyN5m0z9PfXw4SCBJ6Sygz1Dpl0wqjlhDEGGBP1GnsUVEL0p63hoG1fcj3fHynXi9NYO4nWOL+qQ=="
    },
    "path-to-regexp@0.1.7": {
      "integrity": "sha512-5DFkuoqlv1uYQKxy8omFBeJPQcdoE07Kv2sferDCrAq1ohOU+MSDswDIbnx3YAM60qIOnYa53wBhXW0EbMonrQ=="
    },
    "proxy-addr@2.0.7": {
      "integrity": "sha512-llQsMLSUDUPT44jdrU/O37qlnifitDP+ZwrmmZcoSKyLKvtZxpyV0n2/bD/N4tBAAZ/gJEdZU7KMraoK1+XYAg==",
      "dependencies": [
        "forwarded",
        "ipaddr.js"
      ]
    },
    "punycode@2.3.1": {
      "integrity": "sha512-vYt7UD1U9Wg6138shLtLOvdAu+8DsC/ilFtEVHcH+wydcSpNE20AfSOduf6MkRFahL5FY7X1oU7nKVZFtfq8Fg=="
    },
    "qs@6.11.0": {
      "integrity": "sha512-MvjoMCJwEarSbUYk5O+nmoSzSutSsTwF85zcHPQ9OrlFoZOYIjaqBAJIqIXjptyD5vThxGq52Xu/MaJzRkIk4Q==",
      "dependencies": [
        "side-channel"
      ]
    },
    "range-parser@1.2.1": {
      "integrity": "sha512-Hrgsx+orqoygnmhFbKaHE6c296J+HTAQXoxEF6gNupROmmGJRoyzfG3ccAveqCBrwr/2yxQ5BVd/GTl5agOwSg=="
    },
    "raw-body@2.5.1": {
      "integrity": "sha512-qqJBtEyVgS0ZmPGdCFPWJ3FreoqvG4MVQln/kCgF7Olq95IbOp0/BWyMwbdtn4VTvkM8Y7khCQ2Xgk/tcrCXig==",
      "dependencies": [
        "bytes",
        "http-errors",
        "iconv-lite",
        "unpipe"
      ]
    },
    "safe-buffer@5.2.1": {
      "integrity": "sha512-rp3So07KcdmmKbGvgaNxQSJr7bGVSVk5S9Eq1F+ppbRo70+YeaDxkw5Dd8NPN+GD6bjnYm2VuPuCXmpuYvmCXQ=="
    },
    "safer-buffer@2.1.2": {
      "integrity": "sha512-YZo3K82SD7Riyi0E1EQPojLz7kpepnSQI9IyPbHHg1XXXevb5dJI7tpyN2ADxGcQbHG7vcyRHk0cbwqcQriUtg=="
    },
    "saslprep@1.0.3": {
      "integrity": "sha512-/MY/PEMbk2SuY5sScONwhUDsV2p77Znkb/q3nSVstq/yQzYJOH/Azh29p9oJLsl3LnQwSvZDKagDGBsBwSooag==",
      "dependencies": [
        "sparse-bitfield"
      ]
    },
    "send@0.18.0": {
      "integrity": "sha512-qqWzuOjSFOuqPjFe4NOsMLafToQQwBSOEpS+FwEt3A2V3vKubTquT3vmLTQpFgMXp8AlFWFuP1qKaJZOtPpVXg==",
      "dependencies": [
        "debug",
        "depd",
        "destroy",
        "encodeurl",
        "escape-html",
        "etag",
        "fresh",
        "http-errors",
        "mime",
        "ms@2.1.3",
        "on-finished",
        "range-parser",
        "statuses"
      ]
    },
    "serve-static@1.15.0": {
      "integrity": "sha512-XGuRDNjXUijsUL0vl6nSD7cwURuzEgglbOaFuZM9g3kwDXOWVTck0jLzjPzGD+TazWbboZYu52/9/XPdUgne9g==",
      "dependencies": [
        "encodeurl",
        "escape-html",
        "parseurl",
        "send"
      ]
    },
    "setprototypeof@1.2.0": {
      "integrity": "sha512-E5LDX7Wrp85Kil5bhZv46j8jOeboKq5JMmYM3gVGdGH8xFpPWXUMsNrlODCrkoxMEeNi/XZIwuRvY4XNwYMJpw=="
    },
    "side-channel-list@1.0.0": {
      "integrity": "sha512-FCLHtRD/gnpCiCHEiJLOwdmFP+wzCmDEkc9y7NsYxeF4u7Btsn1ZuwgwJGxImImHicJArLP4R0yX4c2KCrMrTA==",
      "dependencies": [
        "es-errors",
        "object-inspect"
      ]
    },
    "side-channel-map@1.0.1": {
      "integrity": "sha512-VCjCNfgMsby3tTdo02nbjtM/ewra6jPHmpThenkTYh8pG9ucZ/1P8So4u4FGBek/BjpOVsDCMoLA/iuBKIFXRA==",
      "dependencies": [
        "call-bound",
        "es-errors",
        "get-intrinsic",
        "object-inspect"
      ]
    },
    "side-channel-weakmap@1.0.2": {
      "integrity": "sha512-WPS/HvHQTYnHisLo9McqBHOJk2FkHO/tlpvldyrnem4aeQp4hai3gythswg6p01oSoTl58rcpiFAjF2br2Ak2A==",
      "dependencies": [
        "call-bound",
        "es-errors",
        "get-intrinsic",
        "object-inspect",
        "side-channel-map"
      ]
    },
    "side-channel@1.1.0": {
      "integrity": "sha512-ZX99e6tRweoUXqR+VBrslhda51Nh5MTQwou5tnUDgbtyM0dBgmhEDtWGP/xbKn6hqfPRHujUNwz5fy/wbbhnpw==",
      "dependencies": [
        "es-errors",
        "object-inspect",
        "side-channel-list",
        "side-channel-map",
        "side-channel-weakmap"
      ]
    },
    "smart-buffer@4.2.0": {
      "integrity": "sha512-94hK0Hh8rPqQl2xXc3HsaBoOXKV20MToPkcXvwbISWLEs+64sBq5kFgn2kJDHb1Pry9yrP0dxrCI9RRci7RXKg=="
    },
    "socks@2.8.3": {
      "integrity": "sha512-l5x7VUUWbjVFbafGLxPWkYsHIhEvmF85tbIeFZWc8ZPtoMyybuEhL7Jye/ooC4/d48FgOjSJXgsF/AJPYCW8Zw==",
      "dependencies": [
        "ip-address",
        "smart-buffer"
      ]
    },
    "sparse-bitfield@3.0.3": {
      "integrity": "sha512-kvzhi7vqKTfkh0PZU+2D2PIllw2ymqJKujUcyPMd9Y75Nv4nPbGJZXNhxsgdQab2BmlDct1YnfQCguEvHr7VsQ==",
      "dependencies": [
        "memory-pager"
      ]
    },
    "sprintf-js@1.1.3": {
      "integrity": "sha512-Oo+0REFV59/rz3gfJNKQiBlwfHaSESl1pcGyABQsnnIfWOFt6JNj5gCog2U6MLZ//IGYD+nA8nI+mTShREReaA=="
    },
    "statuses@2.0.1": {
      "integrity": "sha512-RwNA9Z/7PrK06rYLIzFMlaF+l73iwpzsqRIFgbMLbTcLD6cOao82TaWefPXQvB2fOC4AjuYSEndS7N/mTCbkdQ=="
    },
    "toidentifier@1.0.1": {
      "integrity": "sha512-o5sSPKEkg/DIQNmH43V0/uerLrpzVedkUh8tGNvaeXpfpuwjKenlSox/2O/BTlZUtEe+JG7s5YhEz608PlAHRA=="
    },
    "tr46@3.0.0": {
      "integrity": "sha512-l7FvfAHlcmulp8kr+flpQZmVwtu7nfRV7NZujtN0OqES8EL4O4e0qqzL0DC5gAvx/ZC/9lk6rhcUwYvkBnBnYA==",
      "dependencies": [
        "punycode"
      ]
    },
    "type-is@1.6.18": {
      "integrity": "sha512-TkRKr9sUTxEH8MdfuCSP7VizJyzRNMjj2J2do2Jr3Kym598JVdEksuzPQCnlFPW4ky9Q+iA+ma9BGm06XQBy8g==",
      "dependencies": [
        "media-typer",
        "mime-types"
      ]
    },
    "undici-types@6.19.8": {
      "integrity": "sha512-ve2KP6f/JnbPBFyobGHuerC9g1FYGn/F8n1LWTwNxCEzd6IfqTwUQcNXgEtmmQ6DlRrC1hrSrBnCZPokRrDHjw=="
    },
    "unpipe@1.0.0": {
      "integrity": "sha512-pjy2bYhSsufwWlKwPc+l3cN7+wuJlK6uz0YdJEOlQDbl6jo/YlPi4mb8agUkVC8BF7V8NuzeyPNqRksA3hztKQ=="
    },
    "utils-merge@1.0.1": {
      "integrity": "sha512-pMZTvIkT1d+TFGvDOqodOclx0QWkkgi6Tdoa8gC8ffGAAqz9pzPTZWAybbsHHoED/ztMtkv/VoYTYyShUn81hA=="
    },
    "vary@1.1.2": {
      "integrity": "sha512-BNGbWLfd0eUPabhkXUVm0j8uuvREyTh5ovRa/dyow/BqAbZJyC+5fU+IzQOzmAKzYqYRAISoRhdQr3eIZ/PXqg=="
    },
    "webidl-conversions@7.0.0": {
      "integrity": "sha512-VwddBukDzu71offAQR975unBIGqfKZpM+8ZX6ySk8nYhVoo5CYaZyzt3YBvYtRtO+aoGlqxPg/B87NGVZ/fu6g=="
    },
    "whatwg-url@11.0.0": {
      "integrity": "sha512-RKT8HExMpoYx4igMiVMY83lN6UeITKJlBQ+vR/8ZJ8OCdSiN3RwCq+9gH0+Xzj0+5IrM6i4j/6LuvzbZIQgEcQ==",
      "dependencies": [
        "tr46",
        "webidl-conversions"
      ]
    }
  },
  "remote": {
    "https://deno.land/std@0.154.0/_util/assert.ts": "e94f2eb37cebd7f199952e242c77654e43333c1ac4c5c700e929ea3aa5489f74",
    "https://deno.land/std@0.154.0/_wasm_crypto/lib/deno_std_wasm_crypto.generated.mjs": "dfcd6777d05345362c70f9f2c49abba3ed3f925fccfcf725abe2d16d51819433",
    "https://deno.land/std@0.154.0/_wasm_crypto/mod.ts": "6c60d332716147ded0eece0861780678d51b560f533b27db2e15c64a4ef83665",
    "https://deno.land/std@0.154.0/async/deferred.ts": "c01de44b9192359cebd3fe93273fcebf9e95110bf3360023917da9a2d1489fae",
    "https://deno.land/std@0.154.0/bytes/bytes_list.ts": "aba5e2369e77d426b10af1de0dcc4531acecec27f9b9056f4f7bfbf8ac147ab4",
    "https://deno.land/std@0.154.0/bytes/equals.ts": "3c3558c3ae85526f84510aa2b48ab2ad7bdd899e2e0f5b7a8ffc85acb3a6043a",
    "https://deno.land/std@0.154.0/bytes/mod.ts": "763f97d33051cc3f28af1a688dfe2830841192a9fea0cbaa55f927b49d49d0bf",
    "https://deno.land/std@0.154.0/crypto/_fnv/fnv32.ts": "aa9bddead8c6345087d3abd4ef35fb9655622afc333fc41fff382b36e64280b5",
    "https://deno.land/std@0.154.0/crypto/_fnv/fnv64.ts": "625d7e7505b6cb2e9801b5fd6ed0a89256bac12b2bbb3e4664b85a88b0ec5bef",
    "https://deno.land/std@0.154.0/crypto/_fnv/index.ts": "a8f6a361b4c6d54e5e89c16098f99b6962a1dd6ad1307dbc97fa1ecac5d7060a",
    "https://deno.land/std@0.154.0/crypto/_fnv/util.ts": "4848313bed7f00f55be3cb080aa0583fc007812ba965b03e4009665bde614ce3",
    "https://deno.land/std@0.154.0/crypto/keystack.ts": "e481eed28007395e554a435e880fee83a5c73b9259ed8a135a75e4b1e4f381f7",
    "https://deno.land/std@0.154.0/crypto/mod.ts": "0ef11f063cd0f9759485a3c9051e15125e1bde3b47c23b47e79b6e13cfcf9481",
    "https://deno.land/std@0.154.0/crypto/timing_safe_equal.ts": "82a29b737bc8932d75d7a20c404136089d5d23629e94ba14efa98a8cc066c73e",
    "https://deno.land/std@0.154.0/encoding/base64.ts": "c57868ca7fa2fbe919f57f88a623ad34e3d970d675bdc1ff3a9d02bba7409db2",
    "https://deno.land/std@0.154.0/encoding/base64url.ts": "a5f82a9fa703bd85a5eb8e7c1296bc6529e601ebd9642cc2b5eaa6b38fa9e05a",
    "https://deno.land/std@0.154.0/encoding/hex.ts": "4cc5324417cbb4ac9b828453d35aed45b9cc29506fad658f1f138d981ae33795",
    "https://deno.land/std@0.154.0/fmt/colors.ts": "ff7dc9c9f33a72bd48bc24b21bbc1b4545d8494a431f17894dbc5fe92a938fc4",
    "https://deno.land/std@0.154.0/io/buffer.ts": "fae02290f52301c4e0188670e730cd902f9307fb732d79c4aa14ebdc82497289",
    "https://deno.land/std@0.154.0/io/files.ts": "d199ef64e918a256320ba8d8d44ae91de87c9077df8f8d6cca013f1b9fbbe285",
    "https://deno.land/std@0.154.0/io/mod.ts": "33507cf2460ab67d0d90fb5749fa6fecb33897642b49d54a6bb1ac81e4768f69",
    "https://deno.land/std@0.154.0/io/readers.ts": "45847ad404afd2f605eae1cff193f223462bc55eeb9ae313c2f3db28aada0fd6",
    "https://deno.land/std@0.154.0/io/streams.ts": "988a19155b52161f0035ce539e2f1d12edbc4c389fa7633da832a64e6edbe1a0",
    "https://deno.land/std@0.154.0/io/util.ts": "078da53bba767bec0d45f7da44411f6dbf269e51ef7fcfea5e3714e04681c674",
    "https://deno.land/std@0.154.0/io/writers.ts": "2e1c63ffd0cfba411b1fd8374609abff9ea86187c9d4d885d42e6fc20325ef0e",
    "https://deno.land/std@0.154.0/streams/conversion.ts": "fc4eb76a14148c43f0b85e903a5a1526391aa40ed9434dc21e34f88304eb823e",
    "https://deno.land/std@0.154.0/testing/_diff.ts": "141f978a283defc367eeee3ff7b58aa8763cf7c8e0c585132eae614468e9d7b8",
    "https://deno.land/std@0.154.0/testing/_format.ts": "cd11136e1797791045e639e9f0f4640d5b4166148796cad37e6ef75f7d7f3832",
    "https://deno.land/std@0.154.0/testing/asserts.ts": "ac295f7fd22a7af107580e2475402a8c386cb1bf18bf837ae266ac0665786026",
    "https://deno.land/x/atlas_sdk@v1.1.3/client.ts": "f60e13e3efc0ded373b91c477810ac7a084b02a0ad6c70c24eeb1dfe178c0d4b",
    "https://deno.land/x/atlas_sdk@v1.1.3/deps.ts": "319e7d5748249b7f9d0ce9f89a3c9d42960c8de340d74b2be578d68ab2db5ba7",
    "https://deno.land/x/atlas_sdk@v1.1.3/mod.ts": "b0fcaecd9487ca16546fafa7a7dab2ba54ba056d56cc859993aaefd8a48aa391",
    "https://deno.land/x/dotenv@v3.2.0/load.ts": "cbd76a0aee01aad8d09222afaa1dd04b84d9d3e44637503b01bf77a91df9e041",
    "https://deno.land/x/dotenv@v3.2.0/mod.ts": "077b48773de9205266a0b44c3c3a3c3083449ed64bb0b6cc461b95720678d38e",
    "https://deno.land/x/dotenv@v3.2.0/util.ts": "693730877b13f8ead2b79b2aa31e2a0652862f7dc0c5f6d2f313f4d39c7b7670",
    "https://deno.land/x/mongo@v0.31.2/deps.ts": "1b53a32fbc115195d74ab78e7d21026ea4b6590e5b558b388017cc1a9b8181e6",
    "https://deno.land/x/mongo@v0.31.2/mod.ts": "0989f34d08c40440b8786140abdaf863e964e23df5d1a80e661d3d4170d9d21e",
    "https://deno.land/x/mongo@v0.31.2/src/auth/base.ts": "7fe14cf0a63d6bbc4ba69a000a04b3b184d26842504d94652a6af2d0c9494944",
    "https://deno.land/x/mongo@v0.31.2/src/auth/mod.ts": "b161611bd5be9e9d1b4497227c8ea93ad4daadcd98038c9e5a707bc5da7a25ca",
    "https://deno.land/x/mongo@v0.31.2/src/auth/pbkdf2.ts": "1f1db192fd37869d118ab34780b64567ebcf0ad83a03ef28b3d740cae9adb47a",
    "https://deno.land/x/mongo@v0.31.2/src/auth/scram.ts": "187db02e94e7e5423ec902e87d6839028770dca57830dca7f154dcd22a959c0f",
    "https://deno.land/x/mongo@v0.31.2/src/auth/x509.ts": "a75b27c549707dd441434ae400a3e6a24da7fe7d4e0e80c9bb79dfc6426b651e",
    "https://deno.land/x/mongo@v0.31.2/src/client.ts": "368cac10b3df3bfbc2dfba468d1bbd1332c359a643e0bb81a13d7220a58b43ff",
    "https://deno.land/x/mongo@v0.31.2/src/cluster.ts": "cff69bf284a5c7fcaff231494f1ab56ca652e725e58622723e402fbb61448d0e",
    "https://deno.land/x/mongo@v0.31.2/src/collection/collection.ts": "840add0cd28f38e8036b8d56fab134f9cc5201be05579d431a90f5c2e5b7c24e",
    "https://deno.land/x/mongo@v0.31.2/src/collection/commands/aggregate.ts": "440906a670adb46edb36fd95573ffa83f192775108b621520be992165910e895",
    "https://deno.land/x/mongo@v0.31.2/src/collection/commands/find.ts": "5c3b750d8c82ce08d865a381bc71f600406cbc4912c4aa689238755579fb71f8",
    "https://deno.land/x/mongo@v0.31.2/src/collection/commands/list_indexes.ts": "d32a5120305d0547497026b4f5ab2ecc2f40ff7f44c405b99c2a0287765333f5",
    "https://deno.land/x/mongo@v0.31.2/src/collection/commands/update.ts": "cf352108a5dd34f0928c2196a432383d366b8ed292676c71358b9ecf1289418d",
    "https://deno.land/x/mongo@v0.31.2/src/collection/mod.ts": "bd791a0b9b46be4365f88c54893584eadec2f8cd799db9eb05e0b5b4c8d72b8e",
    "https://deno.land/x/mongo@v0.31.2/src/database.ts": "f8dfd72f824759b1970232f4f21b8d1c3a0ca0ca6495c1dba32061c50c07ffba",
    "https://deno.land/x/mongo@v0.31.2/src/error.ts": "8180a822b0831a94a6a28815865b5b40e3996220684bea60fcb81b272ddd06eb",
    "https://deno.land/x/mongo@v0.31.2/src/gridfs/bucket.ts": "a4452d63f6928f57486a214a499b54b80b98cc0d13e3d85a6841b34d5ff12a61",
    "https://deno.land/x/mongo@v0.31.2/src/gridfs/indexes.ts": "7d302114fb4d81c4a873614a51d11ddb8b471f967179dddb8269c39b3cadf4e3",
    "https://deno.land/x/mongo@v0.31.2/src/gridfs/upload.ts": "6a54a21b00c6f22ad0da6ceef7a2932dc600560f594c2551abd8e4a64976abae",
    "https://deno.land/x/mongo@v0.31.2/src/protocol/cursor.ts": "c370a28856fa236129cc2d7abf7ebc4ac6cdd60acb93e0e7371433f7332394cb",
    "https://deno.land/x/mongo@v0.31.2/src/protocol/handshake.ts": "3c3ba547d5322751b9756ce9a4750f3cf18febee0a64edca5b007634bd80e0fe",
    "https://deno.land/x/mongo@v0.31.2/src/protocol/header.ts": "0f28db842f886e57b7013606c1391affab2e2960a1a4568d2502e7b788117716",
    "https://deno.land/x/mongo@v0.31.2/src/protocol/message.ts": "b1121b98420c9a44783619c7a0b2f7bb2cb305dfc64adc3e6a9b7781f4d35a3a",
    "https://deno.land/x/mongo@v0.31.2/src/protocol/mod.ts": "4e24d563049c0a236234598ca786ca13778dc17fdb80ac543ac6c75d0c5094d7",
    "https://deno.land/x/mongo@v0.31.2/src/protocol/protocol.ts": "92568dd86e6ef3f54054113d9f5620f158fc1dfee2a7c9d13623975835d5996a",
    "https://deno.land/x/mongo@v0.31.2/src/types.ts": "c6b36e1751323b9eacee86372ba31715fe8e372d48b73a7c1ef69431c7a35b97",
    "https://deno.land/x/mongo@v0.31.2/src/types/geojson.ts": "14690e2fa1591939253ddc9de181b0664051e9462db131b72be5fb9d064dff44",
    "https://deno.land/x/mongo@v0.31.2/src/types/geospatial.ts": "c73ee13536365fa5d868b65ab47b3488a5f223a67e1e059761886f750db70ef9",
    "https://deno.land/x/mongo@v0.31.2/src/types/gridfs.ts": "e1fd12c3ca58d437267e7a8557d745d23b9d8916d1da34c1847e5e373728dfa0",
    "https://deno.land/x/mongo@v0.31.2/src/types/read_write_concern.ts": "d00f35eb85520e776741888685d08d479766a19e9a0a970b53f4594c9db00496",
    "https://deno.land/x/mongo@v0.31.2/src/utils/ns.ts": "fb0c57b8dc4d31f8993112d267dec3c163d3e8862198d1cd03b2b51bcc3caad9",
    "https://deno.land/x/mongo@v0.31.2/src/utils/saslprep/deps.ts": "95ceb81b353110526dacf2a98854bc79d6e17d7f173af8806e91c05555d7b8c7",
    "https://deno.land/x/mongo@v0.31.2/src/utils/saslprep/load_code_points.ts": "f6a4ef2eb2345eac40ffbf1a30661cca803f399865f2a0fadafb71f57d4c97bf",
    "https://deno.land/x/mongo@v0.31.2/src/utils/saslprep/memory_pager.ts": "f55a79a13ec569c21630c3915a9af0c6fc0aa2b899121fa2a85a813c6dd4afba",
    "https://deno.land/x/mongo@v0.31.2/src/utils/saslprep/mod.ts": "0a8a39a0784d065a79c54ce63d7d7b103d0b94addc5b7bcf985517ba2442c8a1",
    "https://deno.land/x/mongo@v0.31.2/src/utils/saslprep/sparse_bitfield.ts": "07d6fe2ecd4ba5f711c44c1ae409bb9c1fe3a3cfc09e27434d231d4aae46dd2d",
    "https://deno.land/x/mongo@v0.31.2/src/utils/srv.ts": "ed5f78ffe6480faac68291a87e51e3674eff5f28aec937ee97248e99e1317b16",
    "https://deno.land/x/mongo@v0.31.2/src/utils/uri.ts": "dcfab8e1dcfcc875c75ada1d9f366664480c03b65594990d6342ed88925452e5",
    "https://deno.land/x/mongo@v0.33.0/deps.ts": "0260e372714ea433bbe675a5f3d467edceced6e12f406d156ba42724695b0a74",
    "https://deno.land/x/mongo@v0.33.0/mod.ts": "114eedb25b02ba42b53aaf5eb747c5bdb06a852882330624bdc52fde4b7df083",
    "https://deno.land/x/mongo@v0.33.0/src/auth/base.ts": "cfdbbd70f5efddbb4a5156b1b25737cd5cfba86581c29ebafb02085af6fa0239",
    "https://deno.land/x/mongo@v0.33.0/src/auth/mod.ts": "b161611bd5be9e9d1b4497227c8ea93ad4daadcd98038c9e5a707bc5da7a25ca",
    "https://deno.land/x/mongo@v0.33.0/src/auth/pbkdf2.ts": "1f1db192fd37869d118ab34780b64567ebcf0ad83a03ef28b3d740cae9adb47a",
    "https://deno.land/x/mongo@v0.33.0/src/auth/scram.ts": "d0be490de12c34f17c115dd540d1bd0e1c88b571b4ffe9e27ae93afa4401f7c6",
    "https://deno.land/x/mongo@v0.33.0/src/auth/x509.ts": "b638043fea07f60ca24fbd78fe450e11ea633a721b591de28b8ba45bf1f2c2d3",
    "https://deno.land/x/mongo@v0.33.0/src/client.ts": "1bc49b2c7922a638482f06f1a9723e0d2fe62d8a1c735796ede0049645a7ee74",
    "https://deno.land/x/mongo@v0.33.0/src/cluster.ts": "6fca620f12a0f8f6e11f15d5271cebd3ec22a85bcbf2eb5360d0aea414ac4722",
    "https://deno.land/x/mongo@v0.33.0/src/collection/collection.ts": "44307db6f83f4aa8c88131c788e049d0a28aff8c1314f8793be4da2803b52ff4",
    "https://deno.land/x/mongo@v0.33.0/src/collection/commands/aggregate.ts": "9ed10eacbdcd61c020d91b831d4bffa75afd3c4c272fa69e1aaf77bc339d526f",
    "https://deno.land/x/mongo@v0.33.0/src/collection/commands/find.ts": "5c68ccf73f272e85dd158921f57d2e0da643d5696073813dd539d31fad313f02",
    "https://deno.land/x/mongo@v0.33.0/src/collection/commands/list_indexes.ts": "d32a5120305d0547497026b4f5ab2ecc2f40ff7f44c405b99c2a0287765333f5",
    "https://deno.land/x/mongo@v0.33.0/src/collection/commands/update.ts": "57c2be843fdef7e3a9c67b07ab745735c82fd01614d02d37c9a594f0bab7cea2",
    "https://deno.land/x/mongo@v0.33.0/src/collection/mod.ts": "bd791a0b9b46be4365f88c54893584eadec2f8cd799db9eb05e0b5b4c8d72b8e",
    "https://deno.land/x/mongo@v0.33.0/src/database.ts": "b5287e9cffebd9ab284a71086d7ad30a59fe0039f31169c51307ae6564f06ca6",
    "https://deno.land/x/mongo@v0.33.0/src/error.ts": "8180a822b0831a94a6a28815865b5b40e3996220684bea60fcb81b272ddd06eb",
    "https://deno.land/x/mongo@v0.33.0/src/gridfs/bucket.ts": "92030ee5e995fc4cc397b81ecf92ed2cd69565eac787b450f3baa46a21e38a9b",
    "https://deno.land/x/mongo@v0.33.0/src/gridfs/indexes.ts": "59bdab481fba202e4115f43e4fd6540c9d1a1fd51af398dc9e8ff58a80affa33",
    "https://deno.land/x/mongo@v0.33.0/src/gridfs/upload.ts": "6a54a21b00c6f22ad0da6ceef7a2932dc600560f594c2551abd8e4a64976abae",
    "https://deno.land/x/mongo@v0.33.0/src/protocol/cursor.ts": "386b37a8eb8eb04746703b57e76af62e30fe1483a2dd1fb1f5bbd8d2d7a7ca45",
    "https://deno.land/x/mongo@v0.33.0/src/protocol/handshake.ts": "f2dd1c9618b4fd1212877823782866d270a93e9836970f628c988d49f626749d",
    "https://deno.land/x/mongo@v0.33.0/src/protocol/header.ts": "0f28db842f886e57b7013606c1391affab2e2960a1a4568d2502e7b788117716",
    "https://deno.land/x/mongo@v0.33.0/src/protocol/message.ts": "05b71f41f7228b7e059e6070ccf731e0ead90e7348b897710fb4bde1a7b7ad7c",
    "https://deno.land/x/mongo@v0.33.0/src/protocol/mod.ts": "c5f626711e5c1347d98400a18d252306390f76f81335acb4f871a2b45d8d89bb",
    "https://deno.land/x/mongo@v0.33.0/src/protocol/protocol.ts": "cac0a149e951ff5261b6352aa7907a33677a3ff11d424be2954c8de9d270cbab",
    "https://deno.land/x/mongo@v0.33.0/src/types.ts": "675c95674117468f2805736a58a4c107ccef983862871500c5feeb271e13400c",
    "https://deno.land/x/mongo@v0.33.0/src/types/geojson.ts": "14690e2fa1591939253ddc9de181b0664051e9462db131b72be5fb9d064dff44",
    "https://deno.land/x/mongo@v0.33.0/src/types/geospatial.ts": "3871035b43249ede15e505fe0edd19b0c46a9784733287740a3004e4740ec262",
    "https://deno.land/x/mongo@v0.33.0/src/types/gridfs.ts": "714ff5249b2361589baf97151e573fed1536cb1cf200ce8b24416d160330052b",
    "https://deno.land/x/mongo@v0.33.0/src/types/read_write_concern.ts": "d00f35eb85520e776741888685d08d479766a19e9a0a970b53f4594c9db00496",
    "https://deno.land/x/mongo@v0.33.0/src/utils/ns.ts": "fb0c57b8dc4d31f8993112d267dec3c163d3e8862198d1cd03b2b51bcc3caad9",
    "https://deno.land/x/mongo@v0.33.0/src/utils/saslprep/load_code_points.ts": "88c3bee38b2f3e22a2900332ca69f443759b4772bfa65463d8871c9e895f1299",
    "https://deno.land/x/mongo@v0.33.0/src/utils/saslprep/memory_pager.ts": "f55a79a13ec569c21630c3915a9af0c6fc0aa2b899121fa2a85a813c6dd4afba",
    "https://deno.land/x/mongo@v0.33.0/src/utils/saslprep/mod.ts": "de970d59c70a04c19e14a704f0028bf2ff57840d7a615b8cef86cccb014ccf89",
    "https://deno.land/x/mongo@v0.33.0/src/utils/saslprep/sparse_bitfield.ts": "07d6fe2ecd4ba5f711c44c1ae409bb9c1fe3a3cfc09e27434d231d4aae46dd2d",
    "https://deno.land/x/mongo@v0.33.0/src/utils/srv.ts": "e47f866987bd83717d48b99a3a8832d67f97a058e85111f9c96a03d026027b57",
    "https://deno.land/x/mongo@v0.33.0/src/utils/uri.ts": "dcfab8e1dcfcc875c75ada1d9f366664480c03b65594990d6342ed88925452e5",
    "https://deno.land/x/web_bson@v0.3.0/mod.js": "8e14aecd31ee63abd30e2dbaa284b4b67abb7ba51fcef5b96af74727cb7c7940"
  },
  "workspace": {
    "dependencies": [
      "jsr:@std/assert@1"
    ]
  }
}
